// !$*UTF8*$!
{
	archiveVersion = 1;
	classes = {
	};
	objectVersion = 56;
	objects = {

/* Begin PBXBuildFile section */
		C43BAB00291467E000D5EC89 /* AppDelegate.swift in Sources */ = {isa = PBXBuildFile; fileRef = C43BAAFF291467E000D5EC89 /* AppDelegate.swift */; };
		C43BAB02291467E000D5EC89 /* SceneDelegate.swift in Sources */ = {isa = PBXBuildFile; fileRef = C43BAB01291467E000D5EC89 /* SceneDelegate.swift */; };
		C43BAB04291467E000D5EC89 /* ViewController.swift in Sources */ = {isa = PBXBuildFile; fileRef = C43BAB03291467E000D5EC89 /* ViewController.swift */; };
		C43BAB07291467E000D5EC89 /* Main.storyboard in Resources */ = {isa = PBXBuildFile; fileRef = C43BAB05291467E000D5EC89 /* Main.storyboard */; };
		C43BAB09291467E100D5EC89 /* Assets.xcassets in Resources */ = {isa = PBXBuildFile; fileRef = C43BAB08291467E100D5EC89 /* Assets.xcassets */; };
		C43BAB0C291467E100D5EC89 /* LaunchScreen.storyboard in Resources */ = {isa = PBXBuildFile; fileRef = C43BAB0A291467E100D5EC89 /* LaunchScreen.storyboard */; };
		C43BAB17291467E100D5EC89 /* object_detectionTests.swift in Sources */ = {isa = PBXBuildFile; fileRef = C43BAB16291467E100D5EC89 /* object_detectionTests.swift */; };
		C43BAB21291467E100D5EC89 /* object_detectionUITests.swift in Sources */ = {isa = PBXBuildFile; fileRef = C43BAB20291467E100D5EC89 /* object_detectionUITests.swift */; };
		C43BAB23291467E100D5EC89 /* object_detectionUITestsLaunchTests.swift in Sources */ = {isa = PBXBuildFile; fileRef = C43BAB22291467E100D5EC89 /* object_detectionUITestsLaunchTests.swift */; };
		C43BAB3029146F2200D5EC89 /* CameraHandler.swift in Sources */ = {isa = PBXBuildFile; fileRef = C43BAB2F29146F2200D5EC89 /* CameraHandler.swift */; };
		C45CE7E729198DCE006BACDB /* Utils.swift in Sources */ = {isa = PBXBuildFile; fileRef = C45CE7E629198DCE006BACDB /* Utils.swift */; };
		C45CE7E929198DF3006BACDB /* yolov5s.mlmodelc in Resources */ = {isa = PBXBuildFile; fileRef = C45CE7E829198DF2006BACDB /* yolov5s.mlmodelc */; };
/* End PBXBuildFile section */

/* Begin PBXContainerItemProxy section */
		C43BAB13291467E100D5EC89 /* PBXContainerItemProxy */ = {
			isa = PBXContainerItemProxy;
			containerPortal = C43BAAF4291467E000D5EC89 /* Project object */;
			proxyType = 1;
			remoteGlobalIDString = C43BAAFB291467E000D5EC89;
			remoteInfo = object_detection;
		};
		C43BAB1D291467E100D5EC89 /* PBXContainerItemProxy */ = {
			isa = PBXContainerItemProxy;
			containerPortal = C43BAAF4291467E000D5EC89 /* Project object */;
			proxyType = 1;
			remoteGlobalIDString = C43BAAFB291467E000D5EC89;
			remoteInfo = object_detection;
		};
/* End PBXContainerItemProxy section */

/* Begin PBXFileReference section */
		C43BAAFC291467E000D5EC89 /* object_detection.app */ = {isa = PBXFileReference; explicitFileType = wrapper.application; includeInIndex = 0; path = object_detection.app; sourceTree = BUILT_PRODUCTS_DIR; };
		C43BAAFF291467E000D5EC89 /* AppDelegate.swift */ = {isa = PBXFileReference; lastKnownFileType = sourcecode.swift; path = AppDelegate.swift; sourceTree = "<group>"; };
		C43BAB01291467E000D5EC89 /* SceneDelegate.swift */ = {isa = PBXFileReference; lastKnownFileType = sourcecode.swift; path = SceneDelegate.swift; sourceTree = "<group>"; };
		C43BAB03291467E000D5EC89 /* ViewController.swift */ = {isa = PBXFileReference; lastKnownFileType = sourcecode.swift; path = ViewController.swift; sourceTree = "<group>"; };
		C43BAB06291467E000D5EC89 /* Base */ = {isa = PBXFileReference; lastKnownFileType = file.storyboard; name = Base; path = Base.lproj/Main.storyboard; sourceTree = "<group>"; };
		C43BAB08291467E100D5EC89 /* Assets.xcassets */ = {isa = PBXFileReference; lastKnownFileType = folder.assetcatalog; path = Assets.xcassets; sourceTree = "<group>"; };
		C43BAB0B291467E100D5EC89 /* Base */ = {isa = PBXFileReference; lastKnownFileType = file.storyboard; name = Base; path = Base.lproj/LaunchScreen.storyboard; sourceTree = "<group>"; };
		C43BAB0D291467E100D5EC89 /* Info.plist */ = {isa = PBXFileReference; lastKnownFileType = text.plist.xml; path = Info.plist; sourceTree = "<group>"; };
		C43BAB12291467E100D5EC89 /* object_detectionTests.xctest */ = {isa = PBXFileReference; explicitFileType = wrapper.cfbundle; includeInIndex = 0; path = object_detectionTests.xctest; sourceTree = BUILT_PRODUCTS_DIR; };
		C43BAB16291467E100D5EC89 /* object_detectionTests.swift */ = {isa = PBXFileReference; lastKnownFileType = sourcecode.swift; path = object_detectionTests.swift; sourceTree = "<group>"; };
		C43BAB1C291467E100D5EC89 /* object_detectionUITests.xctest */ = {isa = PBXFileReference; explicitFileType = wrapper.cfbundle; includeInIndex = 0; path = object_detectionUITests.xctest; sourceTree = BUILT_PRODUCTS_DIR; };
		C43BAB20291467E100D5EC89 /* object_detectionUITests.swift */ = {isa = PBXFileReference; lastKnownFileType = sourcecode.swift; path = object_detectionUITests.swift; sourceTree = "<group>"; };
		C43BAB22291467E100D5EC89 /* object_detectionUITestsLaunchTests.swift */ = {isa = PBXFileReference; lastKnownFileType = sourcecode.swift; path = object_detectionUITestsLaunchTests.swift; sourceTree = "<group>"; };
		C43BAB2F29146F2200D5EC89 /* CameraHandler.swift */ = {isa = PBXFileReference; lastKnownFileType = sourcecode.swift; path = CameraHandler.swift; sourceTree = "<group>"; };
		C45CE7E629198DCE006BACDB /* Utils.swift */ = {isa = PBXFileReference; fileEncoding = 4; lastKnownFileType = sourcecode.swift; path = Utils.swift; sourceTree = "<group>"; };
		C45CE7E829198DF2006BACDB /* yolov5s.mlmodelc */ = {isa = PBXFileReference; lastKnownFileType = wrapper; path = yolov5s.mlmodelc; sourceTree = "<group>"; };
/* End PBXFileReference section */

/* Begin PBXFrameworksBuildPhase section */
		C43BAAF9291467E000D5EC89 /* Frameworks */ = {
			isa = PBXFrameworksBuildPhase;
			buildActionMask = 2147483647;
			files = (
			);
			runOnlyForDeploymentPostprocessing = 0;
		};
		C43BAB0F291467E100D5EC89 /* Frameworks */ = {
			isa = PBXFrameworksBuildPhase;
			buildActionMask = 2147483647;
			files = (
			);
			runOnlyForDeploymentPostprocessing = 0;
		};
		C43BAB19291467E100D5EC89 /* Frameworks */ = {
			isa = PBXFrameworksBuildPhase;
			buildActionMask = 2147483647;
			files = (
			);
			runOnlyForDeploymentPostprocessing = 0;
		};
/* End PBXFrameworksBuildPhase section */

/* Begin PBXGroup section */
		C43BAAF3291467E000D5EC89 = {
			isa = PBXGroup;
			children = (
				C43BAAFE291467E000D5EC89 /* object_detection */,
				C43BAB15291467E100D5EC89 /* object_detectionTests */,
				C43BAB1F291467E100D5EC89 /* object_detectionUITests */,
				C43BAAFD291467E000D5EC89 /* Products */,
			);
			sourceTree = "<group>";
		};
		C43BAAFD291467E000D5EC89 /* Products */ = {
			isa = PBXGroup;
			children = (
				C43BAAFC291467E000D5EC89 /* object_detection.app */,
				C43BAB12291467E100D5EC89 /* object_detectionTests.xctest */,
				C43BAB1C291467E100D5EC89 /* object_detectionUITests.xctest */,
			);
			name = Products;
			sourceTree = "<group>";
		};
		C43BAAFE291467E000D5EC89 /* object_detection */ = {
			isa = PBXGroup;
			children = (
				C45CE7E829198DF2006BACDB /* yolov5s.mlmodelc */,
				C45CE7E629198DCE006BACDB /* Utils.swift */,
				C43BAAFF291467E000D5EC89 /* AppDelegate.swift */,
				C43BAB01291467E000D5EC89 /* SceneDelegate.swift */,
				C43BAB03291467E000D5EC89 /* ViewController.swift */,
				C43BAB05291467E000D5EC89 /* Main.storyboard */,
				C43BAB08291467E100D5EC89 /* Assets.xcassets */,
				C43BAB0A291467E100D5EC89 /* LaunchScreen.storyboard */,
				C43BAB0D291467E100D5EC89 /* Info.plist */,
				C43BAB2F29146F2200D5EC89 /* CameraHandler.swift */,
			);
			path = object_detection;
			sourceTree = "<group>";
		};
		C43BAB15291467E100D5EC89 /* object_detectionTests */ = {
			isa = PBXGroup;
			children = (
				C43BAB16291467E100D5EC89 /* object_detectionTests.swift */,
			);
			path = object_detectionTests;
			sourceTree = "<group>";
		};
		C43BAB1F291467E100D5EC89 /* object_detectionUITests */ = {
			isa = PBXGroup;
			children = (
				C43BAB20291467E100D5EC89 /* object_detectionUITests.swift */,
				C43BAB22291467E100D5EC89 /* object_detectionUITestsLaunchTests.swift */,
			);
			path = object_detectionUITests;
			sourceTree = "<group>";
		};
/* End PBXGroup section */

/* Begin PBXNativeTarget section */
		C43BAAFB291467E000D5EC89 /* object_detection */ = {
			isa = PBXNativeTarget;
			buildConfigurationList = C43BAB26291467E100D5EC89 /* Build configuration list for PBXNativeTarget "object_detection" */;
			buildPhases = (
				C43BAAF8291467E000D5EC89 /* Sources */,
				C43BAAF9291467E000D5EC89 /* Frameworks */,
				C43BAAFA291467E000D5EC89 /* Resources */,
			);
			buildRules = (
			);
			dependencies = (
			);
			name = object_detection;
			productName = object_detection;
			productReference = C43BAAFC291467E000D5EC89 /* object_detection.app */;
			productType = "com.apple.product-type.application";
		};
		C43BAB11291467E100D5EC89 /* object_detectionTests */ = {
			isa = PBXNativeTarget;
			buildConfigurationList = C43BAB29291467E100D5EC89 /* Build configuration list for PBXNativeTarget "object_detectionTests" */;
			buildPhases = (
				C43BAB0E291467E100D5EC89 /* Sources */,
				C43BAB0F291467E100D5EC89 /* Frameworks */,
				C43BAB10291467E100D5EC89 /* Resources */,
			);
			buildRules = (
			);
			dependencies = (
				C43BAB14291467E100D5EC89 /* PBXTargetDependency */,
			);
			name = object_detectionTests;
			productName = object_detectionTests;
			productReference = C43BAB12291467E100D5EC89 /* object_detectionTests.xctest */;
			productType = "com.apple.product-type.bundle.unit-test";
		};
		C43BAB1B291467E100D5EC89 /* object_detectionUITests */ = {
			isa = PBXNativeTarget;
			buildConfigurationList = C43BAB2C291467E100D5EC89 /* Build configuration list for PBXNativeTarget "object_detectionUITests" */;
			buildPhases = (
				C43BAB18291467E100D5EC89 /* Sources */,
				C43BAB19291467E100D5EC89 /* Frameworks */,
				C43BAB1A291467E100D5EC89 /* Resources */,
			);
			buildRules = (
			);
			dependencies = (
				C43BAB1E291467E100D5EC89 /* PBXTargetDependency */,
			);
			name = object_detectionUITests;
			productName = object_detectionUITests;
			productReference = C43BAB1C291467E100D5EC89 /* object_detectionUITests.xctest */;
			productType = "com.apple.product-type.bundle.ui-testing";
		};
/* End PBXNativeTarget section */

/* Begin PBXProject section */
		C43BAAF4291467E000D5EC89 /* Project object */ = {
			isa = PBXProject;
			attributes = {
				BuildIndependentTargetsInParallel = 1;
				LastSwiftUpdateCheck = 1400;
				LastUpgradeCheck = 1400;
				TargetAttributes = {
					C43BAAFB291467E000D5EC89 = {
						CreatedOnToolsVersion = 14.0.1;
					};
					C43BAB11291467E100D5EC89 = {
						CreatedOnToolsVersion = 14.0.1;
						TestTargetID = C43BAAFB291467E000D5EC89;
					};
					C43BAB1B291467E100D5EC89 = {
						CreatedOnToolsVersion = 14.0.1;
						TestTargetID = C43BAAFB291467E000D5EC89;
					};
				};
			};
			buildConfigurationList = C43BAAF7291467E000D5EC89 /* Build configuration list for PBXProject "object_detection" */;
			compatibilityVersion = "Xcode 14.0";
			developmentRegion = en;
			hasScannedForEncodings = 0;
			knownRegions = (
				en,
				Base,
			);
			mainGroup = C43BAAF3291467E000D5EC89;
			productRefGroup = C43BAAFD291467E000D5EC89 /* Products */;
			projectDirPath = "";
			projectRoot = "";
			targets = (
				C43BAAFB291467E000D5EC89 /* object_detection */,
				C43BAB11291467E100D5EC89 /* object_detectionTests */,
				C43BAB1B291467E100D5EC89 /* object_detectionUITests */,
			);
		};
/* End PBXProject section */

/* Begin PBXResourcesBuildPhase section */
		C43BAAFA291467E000D5EC89 /* Resources */ = {
			isa = PBXResourcesBuildPhase;
			buildActionMask = 2147483647;
			files = (
				C45CE7E929198DF3006BACDB /* yolov5s.mlmodelc in Resources */,
				C43BAB0C291467E100D5EC89 /* LaunchScreen.storyboard in Resources */,
				C43BAB09291467E100D5EC89 /* Assets.xcassets in Resources */,
				C43BAB07291467E000D5EC89 /* Main.storyboard in Resources */,
			);
			runOnlyForDeploymentPostprocessing = 0;
		};
		C43BAB10291467E100D5EC89 /* Resources */ = {
			isa = PBXResourcesBuildPhase;
			buildActionMask = 2147483647;
			files = (
			);
			runOnlyForDeploymentPostprocessing = 0;
		};
		C43BAB1A291467E100D5EC89 /* Resources */ = {
			isa = PBXResourcesBuildPhase;
			buildActionMask = 2147483647;
			files = (
			);
			runOnlyForDeploymentPostprocessing = 0;
		};
/* End PBXResourcesBuildPhase section */

/* Begin PBXSourcesBuildPhase section */
		C43BAAF8291467E000D5EC89 /* Sources */ = {
			isa = PBXSourcesBuildPhase;
			buildActionMask = 2147483647;
			files = (
				C45CE7E729198DCE006BACDB /* Utils.swift in Sources */,
				C43BAB04291467E000D5EC89 /* ViewController.swift in Sources */,
				C43BAB3029146F2200D5EC89 /* CameraHandler.swift in Sources */,
				C43BAB00291467E000D5EC89 /* AppDelegate.swift in Sources */,
				C43BAB02291467E000D5EC89 /* SceneDelegate.swift in Sources */,
			);
			runOnlyForDeploymentPostprocessing = 0;
		};
		C43BAB0E291467E100D5EC89 /* Sources */ = {
			isa = PBXSourcesBuildPhase;
			buildActionMask = 2147483647;
			files = (
				C43BAB17291467E100D5EC89 /* object_detectionTests.swift in Sources */,
			);
			runOnlyForDeploymentPostprocessing = 0;
		};
		C43BAB18291467E100D5EC89 /* Sources */ = {
			isa = PBXSourcesBuildPhase;
			buildActionMask = 2147483647;
			files = (
				C43BAB21291467E100D5EC89 /* object_detectionUITests.swift in Sources */,
				C43BAB23291467E100D5EC89 /* object_detectionUITestsLaunchTests.swift in Sources */,
			);
			runOnlyForDeploymentPostprocessing = 0;
		};
/* End PBXSourcesBuildPhase section */

/* Begin PBXTargetDependency section */
		C43BAB14291467E100D5EC89 /* PBXTargetDependency */ = {
			isa = PBXTargetDependency;
			target = C43BAAFB291467E000D5EC89 /* object_detection */;
			targetProxy = C43BAB13291467E100D5EC89 /* PBXContainerItemProxy */;
		};
		C43BAB1E291467E100D5EC89 /* PBXTargetDependency */ = {
			isa = PBXTargetDependency;
			target = C43BAAFB291467E000D5EC89 /* object_detection */;
			targetProxy = C43BAB1D291467E100D5EC89 /* PBXContainerItemProxy */;
		};
/* End PBXTargetDependency section */

/* Begin PBXVariantGroup section */
		C43BAB05291467E000D5EC89 /* Main.storyboard */ = {
			isa = PBXVariantGroup;
			children = (
				C43BAB06291467E000D5EC89 /* Base */,
			);
			name = Main.storyboard;
			sourceTree = "<group>";
		};
		C43BAB0A291467E100D5EC89 /* LaunchScreen.storyboard */ = {
			isa = PBXVariantGroup;
			children = (
				C43BAB0B291467E100D5EC89 /* Base */,
			);
			name = LaunchScreen.storyboard;
			sourceTree = "<group>";
		};
/* End PBXVariantGroup section */

/* Begin XCBuildConfiguration section */
		C43BAB24291467E100D5EC89 /* Debug */ = {
			isa = XCBuildConfiguration;
			buildSettings = {
				ALWAYS_SEARCH_USER_PATHS = NO;
				CLANG_ANALYZER_NONNULL = YES;
				CLANG_ANALYZER_NUMBER_OBJECT_CONVERSION = YES_AGGRESSIVE;
				CLANG_CXX_LANGUAGE_STANDARD = "gnu++20";
				CLANG_ENABLE_MODULES = YES;
				CLANG_ENABLE_OBJC_ARC = YES;
				CLANG_ENABLE_OBJC_WEAK = YES;
				CLANG_WARN_BLOCK_CAPTURE_AUTORELEASING = YES;
				CLANG_WARN_BOOL_CONVERSION = YES;
				CLANG_WARN_COMMA = YES;
				CLANG_WARN_CONSTANT_CONVERSION = YES;
				CLANG_WARN_DEPRECATED_OBJC_IMPLEMENTATIONS = YES;
				CLANG_WARN_DIRECT_OBJC_ISA_USAGE = YES_ERROR;
				CLANG_WARN_DOCUMENTATION_COMMENTS = YES;
				CLANG_WARN_EMPTY_BODY = YES;
				CLANG_WARN_ENUM_CONVERSION = YES;
				CLANG_WARN_INFINITE_RECURSION = YES;
				CLANG_WARN_INT_CONVERSION = YES;
				CLANG_WARN_NON_LITERAL_NULL_CONVERSION = YES;
				CLANG_WARN_OBJC_IMPLICIT_RETAIN_SELF = YES;
				CLANG_WARN_OBJC_LITERAL_CONVERSION = YES;
				CLANG_WARN_OBJC_ROOT_CLASS = YES_ERROR;
				CLANG_WARN_QUOTED_INCLUDE_IN_FRAMEWORK_HEADER = YES;
				CLANG_WARN_RANGE_LOOP_ANALYSIS = YES;
				CLANG_WARN_STRICT_PROTOTYPES = YES;
				CLANG_WARN_SUSPICIOUS_MOVE = YES;
				CLANG_WARN_UNGUARDED_AVAILABILITY = YES_AGGRESSIVE;
				CLANG_WARN_UNREACHABLE_CODE = YES;
				CLANG_WARN__DUPLICATE_METHOD_MATCH = YES;
				COPY_PHASE_STRIP = NO;
				DEBUG_INFORMATION_FORMAT = dwarf;
				ENABLE_STRICT_OBJC_MSGSEND = YES;
				ENABLE_TESTABILITY = YES;
				GCC_C_LANGUAGE_STANDARD = gnu11;
				GCC_DYNAMIC_NO_PIC = NO;
				GCC_NO_COMMON_BLOCKS = YES;
				GCC_OPTIMIZATION_LEVEL = 0;
				GCC_PREPROCESSOR_DEFINITIONS = (
					"DEBUG=1",
					"$(inherited)",
				);
				GCC_WARN_64_TO_32_BIT_CONVERSION = YES;
				GCC_WARN_ABOUT_RETURN_TYPE = YES_ERROR;
				GCC_WARN_UNDECLARED_SELECTOR = YES;
				GCC_WARN_UNINITIALIZED_AUTOS = YES_AGGRESSIVE;
				GCC_WARN_UNUSED_FUNCTION = YES;
				GCC_WARN_UNUSED_VARIABLE = YES;
				IPHONEOS_DEPLOYMENT_TARGET = 16.0;
				MTL_ENABLE_DEBUG_INFO = INCLUDE_SOURCE;
				MTL_FAST_MATH = YES;
				ONLY_ACTIVE_ARCH = YES;
				SDKROOT = iphoneos;
				SWIFT_ACTIVE_COMPILATION_CONDITIONS = DEBUG;
				SWIFT_OPTIMIZATION_LEVEL = "-Onone";
			};
			name = Debug;
		};
		C43BAB25291467E100D5EC89 /* Release */ = {
			isa = XCBuildConfiguration;
			buildSettings = {
				ALWAYS_SEARCH_USER_PATHS = NO;
				CLANG_ANALYZER_NONNULL = YES;
				CLANG_ANALYZER_NUMBER_OBJECT_CONVERSION = YES_AGGRESSIVE;
				CLANG_CXX_LANGUAGE_STANDARD = "gnu++20";
				CLANG_ENABLE_MODULES = YES;
				CLANG_ENABLE_OBJC_ARC = YES;
				CLANG_ENABLE_OBJC_WEAK = YES;
				CLANG_WARN_BLOCK_CAPTURE_AUTORELEASING = YES;
				CLANG_WARN_BOOL_CONVERSION = YES;
				CLANG_WARN_COMMA = YES;
				CLANG_WARN_CONSTANT_CONVERSION = YES;
				CLANG_WARN_DEPRECATED_OBJC_IMPLEMENTATIONS = YES;
				CLANG_WARN_DIRECT_OBJC_ISA_USAGE = YES_ERROR;
				CLANG_WARN_DOCUMENTATION_COMMENTS = YES;
				CLANG_WARN_EMPTY_BODY = YES;
				CLANG_WARN_ENUM_CONVERSION = YES;
				CLANG_WARN_INFINITE_RECURSION = YES;
				CLANG_WARN_INT_CONVERSION = YES;
				CLANG_WARN_NON_LITERAL_NULL_CONVERSION = YES;
				CLANG_WARN_OBJC_IMPLICIT_RETAIN_SELF = YES;
				CLANG_WARN_OBJC_LITERAL_CONVERSION = YES;
				CLANG_WARN_OBJC_ROOT_CLASS = YES_ERROR;
				CLANG_WARN_QUOTED_INCLUDE_IN_FRAMEWORK_HEADER = YES;
				CLANG_WARN_RANGE_LOOP_ANALYSIS = YES;
				CLANG_WARN_STRICT_PROTOTYPES = YES;
				CLANG_WARN_SUSPICIOUS_MOVE = YES;
				CLANG_WARN_UNGUARDED_AVAILABILITY = YES_AGGRESSIVE;
				CLANG_WARN_UNREACHABLE_CODE = YES;
				CLANG_WARN__DUPLICATE_METHOD_MATCH = YES;
				COPY_PHASE_STRIP = NO;
				DEBUG_INFORMATION_FORMAT = "dwarf-with-dsym";
				ENABLE_NS_ASSERTIONS = NO;
				ENABLE_STRICT_OBJC_MSGSEND = YES;
				GCC_C_LANGUAGE_STANDARD = gnu11;
				GCC_NO_COMMON_BLOCKS = YES;
				GCC_WARN_64_TO_32_BIT_CONVERSION = YES;
				GCC_WARN_ABOUT_RETURN_TYPE = YES_ERROR;
				GCC_WARN_UNDECLARED_SELECTOR = YES;
				GCC_WARN_UNINITIALIZED_AUTOS = YES_AGGRESSIVE;
				GCC_WARN_UNUSED_FUNCTION = YES;
				GCC_WARN_UNUSED_VARIABLE = YES;
				IPHONEOS_DEPLOYMENT_TARGET = 16.0;
				MTL_ENABLE_DEBUG_INFO = NO;
				MTL_FAST_MATH = YES;
				SDKROOT = iphoneos;
				SWIFT_COMPILATION_MODE = wholemodule;
				SWIFT_OPTIMIZATION_LEVEL = "-O";
				VALIDATE_PRODUCT = YES;
			};
			name = Release;
		};
		C43BAB27291467E100D5EC89 /* Debug */ = {
			isa = XCBuildConfiguration;
			buildSettings = {
				ASSETCATALOG_COMPILER_APPICON_NAME = AppIcon;
				ASSETCATALOG_COMPILER_GLOBAL_ACCENT_COLOR_NAME = AccentColor;
				CODE_SIGN_STYLE = Automatic;
				CURRENT_PROJECT_VERSION = 1;
				DEVELOPMENT_TEAM = 4XPYVR2AGK;
				GENERATE_INFOPLIST_FILE = YES;
				INFOPLIST_FILE = object_detection/Info.plist;
				INFOPLIST_KEY_CFBundleDisplayName = Objector;
				INFOPLIST_KEY_UIApplicationSupportsIndirectInputEvents = YES;
				INFOPLIST_KEY_UILaunchStoryboardName = LaunchScreen;
				INFOPLIST_KEY_UIMainStoryboardFile = Main;
				INFOPLIST_KEY_UISupportedInterfaceOrientations_iPad = "UIInterfaceOrientationPortrait UIInterfaceOrientationPortraitUpsideDown UIInterfaceOrientationLandscapeLeft UIInterfaceOrientationLandscapeRight";
				INFOPLIST_KEY_UISupportedInterfaceOrientations_iPhone = "UIInterfaceOrientationPortrait UIInterfaceOrientationLandscapeLeft UIInterfaceOrientationLandscapeRight";
				IPHONEOS_DEPLOYMENT_TARGET = 14.0;
				LD_RUNPATH_SEARCH_PATHS = (
					"$(inherited)",
					"@executable_path/Frameworks",
				);
				MARKETING_VERSION = 1.0;
				PRODUCT_BUNDLE_IDENTIFIER = "com.object.yolovcam.object-detection";
				PRODUCT_NAME = "$(TARGET_NAME)";
				SWIFT_EMIT_LOC_STRINGS = YES;
				SWIFT_VERSION = 5.0;
				TARGETED_DEVICE_FAMILY = "1,2";
			};
			name = Debug;
		};
		C43BAB28291467E100D5EC89 /* Release */ = {
			isa = XCBuildConfiguration;
			buildSettings = {
				ASSETCATALOG_COMPILER_APPICON_NAME = AppIcon;
				ASSETCATALOG_COMPILER_GLOBAL_ACCENT_COLOR_NAME = AccentColor;
				CODE_SIGN_STYLE = Automatic;
				CURRENT_PROJECT_VERSION = 1;
				DEVELOPMENT_TEAM = 4XPYVR2AGK;
				GENERATE_INFOPLIST_FILE = YES;
				INFOPLIST_FILE = object_detection/Info.plist;
				INFOPLIST_KEY_CFBundleDisplayName = Objector;
				INFOPLIST_KEY_UIApplicationSupportsIndirectInputEvents = YES;
				INFOPLIST_KEY_UILaunchStoryboardName = LaunchScreen;
				INFOPLIST_KEY_UIMainStoryboardFile = Main;
				INFOPLIST_KEY_UISupportedInterfaceOrientations_iPad = "UIInterfaceOrientationPortrait UIInterfaceOrientationPortraitUpsideDown UIInterfaceOrientationLandscapeLeft UIInterfaceOrientationLandscapeRight";
				INFOPLIST_KEY_UISupportedInterfaceOrientations_iPhone = "UIInterfaceOrientationPortrait UIInterfaceOrientationLandscapeLeft UIInterfaceOrientationLandscapeRight";
				IPHONEOS_DEPLOYMENT_TARGET = 14.0;
				LD_RUNPATH_SEARCH_PATHS = (
					"$(inherited)",
					"@executable_path/Frameworks",
				);
				MARKETING_VERSION = 1.0;
				PRODUCT_BUNDLE_IDENTIFIER = "com.object.yolovcam.object-detection";
				PRODUCT_NAME = "$(TARGET_NAME)";
				SWIFT_EMIT_LOC_STRINGS = YES;
				SWIFT_VERSION = 5.0;
				TARGETED_DEVICE_FAMILY = "1,2";
			};
			name = Release;
		};
		C43BAB2A291467E100D5EC89 /* Debug */ = {
			isa = XCBuildConfiguration;
			buildSettings = {
				ALWAYS_EMBED_SWIFT_STANDARD_LIBRARIES = YES;
				BUNDLE_LOADER = "$(TEST_HOST)";
				CODE_SIGN_STYLE = Automatic;
				CURRENT_PROJECT_VERSION = 1;
				DEVELOPMENT_TEAM = YA3WGW79TA;
				GENERATE_INFOPLIST_FILE = YES;
				IPHONEOS_DEPLOYMENT_TARGET = 16.0;
				MARKETING_VERSION = 1.0;
				PRODUCT_BUNDLE_IDENTIFIER = "com.object.yolovcam.object-detectionTests";
				PRODUCT_NAME = "$(TARGET_NAME)";
				SWIFT_EMIT_LOC_STRINGS = NO;
				SWIFT_VERSION = 5.0;
				TARGETED_DEVICE_FAMILY = "1,2";
				TEST_HOST = "$(BUILT_PRODUCTS_DIR)/object_detection.app/$(BUNDLE_EXECUTABLE_FOLDER_PATH)/object_detection";
			};
			name = Debug;
		};
		C43BAB2B291467E100D5EC89 /* Release */ = {
			isa = XCBuildConfiguration;
			buildSettings = {
				ALWAYS_EMBED_SWIFT_STANDARD_LIBRARIES = YES;
				BUNDLE_LOADER = "$(TEST_HOST)";
				CODE_SIGN_STYLE = Automatic;
				CURRENT_PROJECT_VERSION = 1;
				DEVELOPMENT_TEAM = YA3WGW79TA;
				GENERATE_INFOPLIST_FILE = YES;
				IPHONEOS_DEPLOYMENT_TARGET = 16.0;
				MARKETING_VERSION = 1.0;
				PRODUCT_BUNDLE_IDENTIFIER = "com.object.yolovcam.object-detectionTests";
				PRODUCT_NAME = "$(TARGET_NAME)";
				SWIFT_EMIT_LOC_STRINGS = NO;
				SWIFT_VERSION = 5.0;
				TARGETED_DEVICE_FAMILY = "1,2";
				TEST_HOST = "$(BUILT_PRODUCTS_DIR)/object_detection.app/$(BUNDLE_EXECUTABLE_FOLDER_PATH)/object_detection";
			};
			name = Release;
		};
		C43BAB2D291467E100D5EC89 /* Debug */ = {
			isa = XCBuildConfiguration;
			buildSettings = {
				ALWAYS_EMBED_SWIFT_STANDARD_LIBRARIES = YES;
				CODE_SIGN_STYLE = Automatic;
				CURRENT_PROJECT_VERSION = 1;
				DEVELOPMENT_TEAM = YA3WGW79TA;
				GENERATE_INFOPLIST_FILE = YES;
				MARKETING_VERSION = 1.0;
				PRODUCT_BUNDLE_IDENTIFIER = "com.object.yolovcam.object-detectionUITests";
				PRODUCT_NAME = "$(TARGET_NAME)";
				SWIFT_EMIT_LOC_STRINGS = NO;
				SWIFT_VERSION = 5.0;
				TARGETED_DEVICE_FAMILY = "1,2";
				TEST_TARGET_NAME = object_detection;
			};
			name = Debug;
		};
		C43BAB2E291467E100D5EC89 /* Release */ = {
			isa = XCBuildConfiguration;
			buildSettings = {
				ALWAYS_EMBED_SWIFT_STANDARD_LIBRARIES = YES;
				CODE_SIGN_STYLE = Automatic;
				CURRENT_PROJECT_VERSION = 1;
				DEVELOPMENT_TEAM = YA3WGW79TA;
				GENERATE_INFOPLIST_FILE = YES;
				MARKETING_VERSION = 1.0;
				PRODUCT_BUNDLE_IDENTIFIER = "com.object.yolovcam.object-detectionUITests";
				PRODUCT_NAME = "$(TARGET_NAME)";
				SWIFT_EMIT_LOC_STRINGS = NO;
				SWIFT_VERSION = 5.0;
				TARGETED_DEVICE_FAMILY = "1,2";
				TEST_TARGET_NAME = object_detection;
			};
			name = Release;
		};
/* End XCBuildConfiguration section */

/* Begin XCConfigurationList section */
		C43BAAF7291467E000D5EC89 /* Build configuration list for PBXProject "object_detection" */ = {
			isa = XCConfigurationList;
			buildConfigurations = (
				C43BAB24291467E100D5EC89 /* Debug */,
				C43BAB25291467E100D5EC89 /* Release */,
			);
			defaultConfigurationIsVisible = 0;
			defaultConfigurationName = Release;
		};
		C43BAB26291467E100D5EC89 /* Build configuration list for PBXNativeTarget "object_detection" */ = {
			isa = XCConfigurationList;
			buildConfigurations = (
				C43BAB27291467E100D5EC89 /* Debug */,
				C43BAB28291467E100D5EC89 /* Release */,
			);
			defaultConfigurationIsVisible = 0;
			defaultConfigurationName = Release;
		};
		C43BAB29291467E100D5EC89 /* Build configuration list for PBXNativeTarget "object_detectionTests" */ = {
			isa = XCConfigurationList;
			buildConfigurations = (
				C43BAB2A291467E100D5EC89 /* Debug */,
				C43BAB2B291467E100D5EC89 /* Release */,
			);
			defaultConfigurationIsVisible = 0;
			defaultConfigurationName = Release;
		};
		C43BAB2C291467E100D5EC89 /* Build configuration list for PBXNativeTarget "object_detectionUITests" */ = {
			isa = XCConfigurationList;
			buildConfigurations = (
				C43BAB2D291467E100D5EC89 /* Debug */,
				C43BAB2E291467E100D5EC89 /* Release */,
			);
			defaultConfigurationIsVisible = 0;
			defaultConfigurationName = Release;
		};
/* End XCConfigurationList section */
	};
	rootObject = C43BAAF4291467E000D5EC89 /* Project object */;
}
